
Microsoft Visual Studio Solution File, Format Version 12.00
# Visual Studio Version 16
VisualStudioVersion = 16.0.31911.196
MinimumVisualStudioVersion = 10.0.40219.1
Project("{9A19103F-16F7-4668-BE54-9A1E7A4F7556}") = "FacciensApi", "FacciensApi\FacciensApi.csproj", "{5AFCFB27-6284-4E0C-A865-D68396EF7269}"
EndProject
Project("{9A19103F-16F7-4668-BE54-9A1E7A4F7556}") = "WinFormsApp1", "..\..\or\WinFormsApp1\WinFormsApp1\WinFormsApp1.csproj", "{80FCA633-319D-459A-8C39-F8B9DFFD1416}"
EndProject
Project("{FAE04EC0-301F-11D3-BF4B-00C04F79EFBC}") = "FacciensApi.Tests", "FacciensApi.Tests\FacciensApi.Tests.csproj", "{87A62C04-438D-49CA-AF83-7DF7A35820A3}"
EndProject
Global
	GlobalSection(SolutionConfigurationPlatforms) = preSolution
		Debug|Any CPU = Debug|Any CPU
		Release|Any CPU = Release|Any CPU
	EndGlobalSection
	GlobalSection(ProjectConfigurationPlatforms) = postSolution
		{5AFCFB27-6284-4E0C-A865-D68396EF7269}.Debug|Any CPU.ActiveCfg = Debug|Any CPU
		{5AFCFB27-6284-4E0C-A865-D68396EF7269}.Debug|Any CPU.Build.0 = Debug|Any CPU
		{5AFCFB27-6284-4E0C-A865-D68396EF7269}.Release|Any CPU.ActiveCfg = Release|Any CPU
		{5AFCFB27-6284-4E0C-A865-D68396EF7269}.Release|Any CPU.Build.0 = Release|Any CPU
		{80FCA633-319D-459A-8C39-F8B9DFFD1416}.Debug|Any CPU.ActiveCfg = Debug|Any CPU
		{80FCA633-319D-459A-8C39-F8B9DFFD1416}.Debug|Any CPU.Build.0 = Debug|Any CPU
		{80FCA633-319D-459A-8C39-F8B9DFFD1416}.Release|Any CPU.ActiveCfg = Release|Any CPU
		{80FCA633-319D-459A-8C39-F8B9DFFD1416}.Release|Any CPU.Build.0 = Release|Any CPU
		{87A62C04-438D-49CA-AF83-7DF7A35820A3}.Debug|Any CPU.ActiveCfg = Debug|Any CPU
		{87A62C04-438D-49CA-AF83-7DF7A35820A3}.Debug|Any CPU.Build.0 = Debug|Any CPU
		{87A62C04-438D-49CA-AF83-7DF7A35820A3}.Release|Any CPU.ActiveCfg = Release|Any CPU
		{87A62C04-438D-49CA-AF83-7DF7A35820A3}.Release|Any CPU.Build.0 = Release|Any CPU
	EndGlobalSection
	GlobalSection(SolutionProperties) = preSolution
		HideSolutionNode = FALSE
	EndGlobalSection
	GlobalSection(ExtensibilityGlobals) = postSolution
		SolutionGuid = {F7375A1B-8CD2-4B00-8965-4BD1AFEF858D}
	EndGlobalSection
EndGlobal
